
Microsoft Visual Studio Solution File, Format Version 12.00
# Visual Studio 15
VisualStudioVersion = 15.0.28307.438
MinimumVisualStudioVersion = 10.0.40219.1
Project("{FAE04EC0-301F-11D3-BF4B-00C04F79EFBC}") = "Ej1001", "Ej1001\Ej1001.csproj", "{211FE7B8-3D83-430A-B66A-8FE54003DB4A}"
EndProject
Project("{FAE04EC0-301F-11D3-BF4B-00C04F79EFBC}") = "Ej1002", "Ej1002\Ej1002.csproj", "{D033EF37-8355-4FE7-BDC2-020858CBE0FD}"
EndProject
Project("{FAE04EC0-301F-11D3-BF4B-00C04F79EFBC}") = "Ej1003", "Ej1003\Ej1003.csproj", "{139B1D7D-080D-406E-8393-8C2479153121}"
EndProject
Project("{FAE04EC0-301F-11D3-BF4B-00C04F79EFBC}") = "Ej1004", "Ej1004\Ej1004.csproj", "{7D5FAD20-30DD-4FE3-951F-68D4F008D952}"
EndProject
Project("{FAE04EC0-301F-11D3-BF4B-00C04F79EFBC}") = "Ej1005", "Ej1005\Ej1005.csproj", "{F1A7D753-8EC0-4BF0-8711-2D05D700D536}"
EndProject
Project("{FAE04EC0-301F-11D3-BF4B-00C04F79EFBC}") = "Ej1006", "Ej1006\Ej1006.csproj", "{25CFD45B-E28E-44DA-AF0F-37FD06BCB6ED}"
EndProject
Project("{FAE04EC0-301F-11D3-BF4B-00C04F79EFBC}") = "Ej1007", "Ej1007\Ej1007.csproj", "{D3C8FA7C-E7B9-46CB-A908-28203E20B22B}"
EndProject
Project("{FAE04EC0-301F-11D3-BF4B-00C04F79EFBC}") = "Ej1008", "Ej1008\Ej1008.csproj", "{9B7C7454-7EEF-4937-9C58-140450B15099}"
EndProject
Project("{FAE04EC0-301F-11D3-BF4B-00C04F79EFBC}") = "Ej1009", "Ej1009\Ej1009.csproj", "{2196ECC0-3449-42B3-8FB1-B625950CC5BD}"
EndProject
Project("{FAE04EC0-301F-11D3-BF4B-00C04F79EFBC}") = "Ej1010", "Ej1010\Ej1010.csproj", "{711C9A17-88EE-4C7D-8FFC-2D4C5562945E}"
EndProject
Project("{FAE04EC0-301F-11D3-BF4B-00C04F79EFBC}") = "Ej1011", "Ej1011\Ej1011.csproj", "{CA547F11-A4B6-4012-BDE0-336AA111F0ED}"
EndProject
Project("{FAE04EC0-301F-11D3-BF4B-00C04F79EFBC}") = "Ej1012", "Ej1012\Ej1012.csproj", "{CCE5528B-8E01-4867-9650-932991E8CB85}"
EndProject
Project("{FAE04EC0-301F-11D3-BF4B-00C04F79EFBC}") = "Ej1013", "Ej1013\Ej1013.csproj", "{1C48A6B4-01AD-489E-B923-59BDCF4AFAB7}"
EndProject
Project("{FAE04EC0-301F-11D3-BF4B-00C04F79EFBC}") = "Ej1014", "Ej1014\Ej1014.csproj", "{274AEF7C-22FE-4D44-A260-112B6C5FE5D3}"
EndProject
Project("{FAE04EC0-301F-11D3-BF4B-00C04F79EFBC}") = "Ej1015", "Ej1015\Ej1015.csproj", "{2FA2926E-82D7-46F8-A3CB-8EB4187BDAC5}"
EndProject
Project("{FAE04EC0-301F-11D3-BF4B-00C04F79EFBC}") = "Ej1016", "Ej1016\Ej1016.csproj", "{4C78EA09-28DA-4618-A2DE-9A1DBAB856C1}"
EndProject
Project("{FAE04EC0-301F-11D3-BF4B-00C04F79EFBC}") = "Ej1017", "Ej1017\Ej1017.csproj", "{309F72E4-2E24-4ECA-ABD9-80999852299E}"
EndProject
Project("{FAE04EC0-301F-11D3-BF4B-00C04F79EFBC}") = "Ej1018", "Ej1018\Ej1018.csproj", "{243620EF-21DE-423D-8F08-6C91D8906180}"
EndProject
Global
	GlobalSection(SolutionConfigurationPlatforms) = preSolution
		Debug|Any CPU = Debug|Any CPU
		Release|Any CPU = Release|Any CPU
	EndGlobalSection
	GlobalSection(ProjectConfigurationPlatforms) = postSolution
		{211FE7B8-3D83-430A-B66A-8FE54003DB4A}.Debug|Any CPU.ActiveCfg = Debug|Any CPU
		{211FE7B8-3D83-430A-B66A-8FE54003DB4A}.Debug|Any CPU.Build.0 = Debug|Any CPU
		{211FE7B8-3D83-430A-B66A-8FE54003DB4A}.Release|Any CPU.ActiveCfg = Release|Any CPU
		{211FE7B8-3D83-430A-B66A-8FE54003DB4A}.Release|Any CPU.Build.0 = Release|Any CPU
		{D033EF37-8355-4FE7-BDC2-020858CBE0FD}.Debug|Any CPU.ActiveCfg = Debug|Any CPU
		{D033EF37-8355-4FE7-BDC2-020858CBE0FD}.Debug|Any CPU.Build.0 = Debug|Any CPU
		{D033EF37-8355-4FE7-BDC2-020858CBE0FD}.Release|Any CPU.ActiveCfg = Release|Any CPU
		{D033EF37-8355-4FE7-BDC2-020858CBE0FD}.Release|Any CPU.Build.0 = Release|Any CPU
		{139B1D7D-080D-406E-8393-8C2479153121}.Debug|Any CPU.ActiveCfg = Debug|Any CPU
		{139B1D7D-080D-406E-8393-8C2479153121}.Debug|Any CPU.Build.0 = Debug|Any CPU
		{139B1D7D-080D-406E-8393-8C2479153121}.Release|Any CPU.ActiveCfg = Release|Any CPU
		{139B1D7D-080D-406E-8393-8C2479153121}.Release|Any CPU.Build.0 = Release|Any CPU
		{7D5FAD20-30DD-4FE3-951F-68D4F008D952}.Debug|Any CPU.ActiveCfg = Debug|Any CPU
		{7D5FAD20-30DD-4FE3-951F-68D4F008D952}.Debug|Any CPU.Build.0 = Debug|Any CPU
		{7D5FAD20-30DD-4FE3-951F-68D4F008D952}.Release|Any CPU.ActiveCfg = Release|Any CPU
		{7D5FAD20-30DD-4FE3-951F-68D4F008D952}.Release|Any CPU.Build.0 = Release|Any CPU
		{F1A7D753-8EC0-4BF0-8711-2D05D700D536}.Debug|Any CPU.ActiveCfg = Debug|Any CPU
		{F1A7D753-8EC0-4BF0-8711-2D05D700D536}.Debug|Any CPU.Build.0 = Debug|Any CPU
		{F1A7D753-8EC0-4BF0-8711-2D05D700D536}.Release|Any CPU.ActiveCfg = Release|Any CPU
		{F1A7D753-8EC0-4BF0-8711-2D05D700D536}.Release|Any CPU.Build.0 = Release|Any CPU
		{25CFD45B-E28E-44DA-AF0F-37FD06BCB6ED}.Debug|Any CPU.ActiveCfg = Debug|Any CPU
		{25CFD45B-E28E-44DA-AF0F-37FD06BCB6ED}.Debug|Any CPU.Build.0 = Debug|Any CPU
		{25CFD45B-E28E-44DA-AF0F-37FD06BCB6ED}.Release|Any CPU.ActiveCfg = Release|Any CPU
		{25CFD45B-E28E-44DA-AF0F-37FD06BCB6ED}.Release|Any CPU.Build.0 = Release|Any CPU
		{D3C8FA7C-E7B9-46CB-A908-28203E20B22B}.Debug|Any CPU.ActiveCfg = Debug|Any CPU
		{D3C8FA7C-E7B9-46CB-A908-28203E20B22B}.Debug|Any CPU.Build.0 = Debug|Any CPU
		{D3C8FA7C-E7B9-46CB-A908-28203E20B22B}.Release|Any CPU.ActiveCfg = Release|Any CPU
		{D3C8FA7C-E7B9-46CB-A908-28203E20B22B}.Release|Any CPU.Build.0 = Release|Any CPU
		{9B7C7454-7EEF-4937-9C58-140450B15099}.Debug|Any CPU.ActiveCfg = Debug|Any CPU
		{9B7C7454-7EEF-4937-9C58-140450B15099}.Debug|Any CPU.Build.0 = Debug|Any CPU
		{9B7C7454-7EEF-4937-9C58-140450B15099}.Release|Any CPU.ActiveCfg = Release|Any CPU
		{9B7C7454-7EEF-4937-9C58-140450B15099}.Release|Any CPU.Build.0 = Release|Any CPU
		{2196ECC0-3449-42B3-8FB1-B625950CC5BD}.Debug|Any CPU.ActiveCfg = Debug|Any CPU
		{2196ECC0-3449-42B3-8FB1-B625950CC5BD}.Debug|Any CPU.Build.0 = Debug|Any CPU
		{2196ECC0-3449-42B3-8FB1-B625950CC5BD}.Release|Any CPU.ActiveCfg = Release|Any CPU
		{2196ECC0-3449-42B3-8FB1-B625950CC5BD}.Release|Any CPU.Build.0 = Release|Any CPU
		{711C9A17-88EE-4C7D-8FFC-2D4C5562945E}.Debug|Any CPU.ActiveCfg = Debug|Any CPU
		{711C9A17-88EE-4C7D-8FFC-2D4C5562945E}.Debug|Any CPU.Build.0 = Debug|Any CPU
		{711C9A17-88EE-4C7D-8FFC-2D4C5562945E}.Release|Any CPU.ActiveCfg = Release|Any CPU
		{711C9A17-88EE-4C7D-8FFC-2D4C5562945E}.Release|Any CPU.Build.0 = Release|Any CPU
		{CA547F11-A4B6-4012-BDE0-336AA111F0ED}.Debug|Any CPU.ActiveCfg = Debug|Any CPU
		{CA547F11-A4B6-4012-BDE0-336AA111F0ED}.Debug|Any CPU.Build.0 = Debug|Any CPU
		{CA547F11-A4B6-4012-BDE0-336AA111F0ED}.Release|Any CPU.ActiveCfg = Release|Any CPU
		{CA547F11-A4B6-4012-BDE0-336AA111F0ED}.Release|Any CPU.Build.0 = Release|Any CPU
		{CCE5528B-8E01-4867-9650-932991E8CB85}.Debug|Any CPU.ActiveCfg = Debug|Any CPU
		{CCE5528B-8E01-4867-9650-932991E8CB85}.Debug|Any CPU.Build.0 = Debug|Any CPU
		{CCE5528B-8E01-4867-9650-932991E8CB85}.Release|Any CPU.ActiveCfg = Release|Any CPU
		{CCE5528B-8E01-4867-9650-932991E8CB85}.Release|Any CPU.Build.0 = Release|Any CPU
		{1C48A6B4-01AD-489E-B923-59BDCF4AFAB7}.Debug|Any CPU.ActiveCfg = Debug|Any CPU
		{1C48A6B4-01AD-489E-B923-59BDCF4AFAB7}.Debug|Any CPU.Build.0 = Debug|Any CPU
		{1C48A6B4-01AD-489E-B923-59BDCF4AFAB7}.Release|Any CPU.ActiveCfg = Release|Any CPU
		{1C48A6B4-01AD-489E-B923-59BDCF4AFAB7}.Release|Any CPU.Build.0 = Release|Any CPU
		{274AEF7C-22FE-4D44-A260-112B6C5FE5D3}.Debug|Any CPU.ActiveCfg = Debug|Any CPU
		{274AEF7C-22FE-4D44-A260-112B6C5FE5D3}.Debug|Any CPU.Build.0 = Debug|Any CPU
		{274AEF7C-22FE-4D44-A260-112B6C5FE5D3}.Release|Any CPU.ActiveCfg = Release|Any CPU
		{274AEF7C-22FE-4D44-A260-112B6C5FE5D3}.Release|Any CPU.Build.0 = Release|Any CPU
		{2FA2926E-82D7-46F8-A3CB-8EB4187BDAC5}.Debug|Any CPU.ActiveCfg = Debug|Any CPU
		{2FA2926E-82D7-46F8-A3CB-8EB4187BDAC5}.Debug|Any CPU.Build.0 = Debug|Any CPU
		{2FA2926E-82D7-46F8-A3CB-8EB4187BDAC5}.Release|Any CPU.ActiveCfg = Release|Any CPU
		{2FA2926E-82D7-46F8-A3CB-8EB4187BDAC5}.Release|Any CPU.Build.0 = Release|Any CPU
		{4C78EA09-28DA-4618-A2DE-9A1DBAB856C1}.Debug|Any CPU.ActiveCfg = Debug|Any CPU
		{4C78EA09-28DA-4618-A2DE-9A1DBAB856C1}.Debug|Any CPU.Build.0 = Debug|Any CPU
		{4C78EA09-28DA-4618-A2DE-9A1DBAB856C1}.Release|Any CPU.ActiveCfg = Release|Any CPU
		{4C78EA09-28DA-4618-A2DE-9A1DBAB856C1}.Release|Any CPU.Build.0 = Release|Any CPU
		{309F72E4-2E24-4ECA-ABD9-80999852299E}.Debug|Any CPU.ActiveCfg = Debug|Any CPU
		{309F72E4-2E24-4ECA-ABD9-80999852299E}.Debug|Any CPU.Build.0 = Debug|Any CPU
		{309F72E4-2E24-4ECA-ABD9-80999852299E}.Release|Any CPU.ActiveCfg = Release|Any CPU
		{309F72E4-2E24-4ECA-ABD9-80999852299E}.Release|Any CPU.Build.0 = Release|Any CPU
		{243620EF-21DE-423D-8F08-6C91D8906180}.Debug|Any CPU.ActiveCfg = Debug|Any CPU
		{243620EF-21DE-423D-8F08-6C91D8906180}.Debug|Any CPU.Build.0 = Debug|Any CPU
		{243620EF-21DE-423D-8F08-6C91D8906180}.Release|Any CPU.ActiveCfg = Release|Any CPU
		{243620EF-21DE-423D-8F08-6C91D8906180}.Release|Any CPU.Build.0 = Release|Any CPU
	EndGlobalSection
	GlobalSection(SolutionProperties) = preSolution
		HideSolutionNode = FALSE
	EndGlobalSection
	GlobalSection(ExtensibilityGlobals) = postSolution
		SolutionGuid = {FCA8F816-0726-46D9-86C3-43DA74D147E7}
	EndGlobalSection
EndGlobal
